
Microsoft Visual Studio Solution File, Format Version 12.00
# Visual Studio Version 16
VisualStudioVersion = 16.0.30804.86
MinimumVisualStudioVersion = 10.0.40219.1
Project("{FAE04EC0-301F-11D3-BF4B-00C04F79EFBC}") = "MeasurePixels", "MeasurePixels.csproj", "{07430419-5692-45F2-8421-5AA246CB9763}"
EndProject
Global
	GlobalSection(SolutionConfigurationPlatforms) = preSolution
		Debug|Any CPU = Debug|Any CPU
		Debug|ARM = Debug|ARM
		Debug|ARM64 = Debug|ARM64
		Debug|x64 = Debug|x64
		Debug|x86 = Debug|x86
		Release|Any CPU = Release|Any CPU
		Release|ARM = Release|ARM
		Release|ARM64 = Release|ARM64
		Release|x64 = Release|x64
		Release|x86 = Release|x86
	EndGlobalSection
	GlobalSection(ProjectConfigurationPlatforms) = postSolution
		{07430419-5692-45F2-8421-5AA246CB9763}.Debug|Any CPU.ActiveCfg = Debug|x86
		{07430419-5692-45F2-8421-5AA246CB9763}.Debug|ARM.ActiveCfg = Debug|ARM
		{07430419-5692-45F2-8421-5AA246CB9763}.Debug|ARM.Build.0 = Debug|ARM
		{07430419-5692-45F2-8421-5AA246CB9763}.Debug|ARM.Deploy.0 = Debug|ARM
		{07430419-5692-45F2-8421-5AA246CB9763}.Debug|ARM64.ActiveCfg = Debug|ARM64
		{07430419-5692-45F2-8421-5AA246CB9763}.Debug|ARM64.Build.0 = Debug|ARM64
		{07430419-5692-45F2-8421-5AA246CB9763}.Debug|ARM64.Deploy.0 = Debug|ARM64
		{07430419-5692-45F2-8421-5AA246CB9763}.Debug|x64.ActiveCfg = Debug|x64
		{07430419-5692-45F2-8421-5AA246CB9763}.Debug|x64.Build.0 = Debug|x64
		{07430419-5692-45F2-8421-5AA246CB9763}.Debug|x64.Deploy.0 = Debug|x64
		{07430419-5692-45F2-8421-5AA246CB9763}.Debug|x86.ActiveCfg = Debug|x86
		{07430419-5692-45F2-8421-5AA246CB9763}.Debug|x86.Build.0 = Debug|x86
		{07430419-5692-45F2-8421-5AA246CB9763}.Debug|x86.Deploy.0 = Debug|x86
		{07430419-5692-45F2-8421-5AA246CB9763}.Release|Any CPU.ActiveCfg = Release|x86
		{07430419-5692-45F2-8421-5AA246CB9763}.Release|ARM.ActiveCfg = Release|ARM
		{07430419-5692-45F2-8421-5AA246CB9763}.Release|ARM.Build.0 = Release|ARM
		{07430419-5692-45F2-8421-5AA246CB9763}.Release|ARM.Deploy.0 = Release|ARM
		{07430419-5692-45F2-8421-5AA246CB9763}.Release|ARM64.ActiveCfg = Release|ARM64
		{07430419-5692-45F2-8421-5AA246CB9763}.Release|ARM64.Build.0 = Release|ARM64
		{07430419-5692-45F2-8421-5AA246CB9763}.Release|ARM64.Deploy.0 = Release|ARM64
		{07430419-5692-45F2-8421-5AA246CB9763}.Release|x64.ActiveCfg = Release|x64
		{07430419-5692-45F2-8421-5AA246CB9763}.Release|x64.Build.0 = Release|x64
		{07430419-5692-45F2-8421-5AA246CB9763}.Release|x64.Deploy.0 = Release|x64
		{07430419-5692-45F2-8421-5AA246CB9763}.Release|x86.ActiveCfg = Release|x86
		{07430419-5692-45F2-8421-5AA246CB9763}.Release|x86.Build.0 = Release|x86
		{07430419-5692-45F2-8421-5AA246CB9763}.Release|x86.Deploy.0 = Release|x86
	EndGlobalSection
	GlobalSection(SolutionProperties) = preSolution
		HideSolutionNode = FALSE
	EndGlobalSection
	GlobalSection(ExtensibilityGlobals) = postSolution
		SolutionGuid = {F9C13F2A-0C4B-4351-B3A8-0A706EADD74D}
	EndGlobalSection
EndGlobal
